// !$*UTF8*$!
{
	archiveVersion = 1;
	classes = {
	};
	objectVersion = 48;
	objects = {

/* Begin PBXBuildFile section */
		202A1043200ACD3D0070BF87 /* UnsplashImages.swift in Sources */ = {isa = PBXBuildFile; fileRef = 202A1042200ACD3D0070BF87 /* UnsplashImages.swift */; };
		202A1045200AE74C0070BF87 /* Endpoint.swift in Sources */ = {isa = PBXBuildFile; fileRef = 202A1044200AE74C0070BF87 /* Endpoint.swift */; };
		202A1047200AE9A50070BF87 /* UnsplashClient.swift in Sources */ = {isa = PBXBuildFile; fileRef = 202A1046200AE9A50070BF87 /* UnsplashClient.swift */; };
		20AE7849200C3EC50060F4D6 /* ViewModel.swift in Sources */ = {isa = PBXBuildFile; fileRef = 20AE7848200C3EC50060F4D6 /* ViewModel.swift */; };
		DA7B67EE1FD98D5C0060B4AD /* APIClient.swift in Sources */ = {isa = PBXBuildFile; fileRef = DA7B67ED1FD98D5C0060B4AD /* APIClient.swift */; };
		DA96087D1FD71A2F00C8EE06 /* PhotoCell.swift in Sources */ = {isa = PBXBuildFile; fileRef = DA96087C1FD71A2F00C8EE06 /* PhotoCell.swift */; };
		DA96087F1FD71D3900C8EE06 /* PinterestLayout.swift in Sources */ = {isa = PBXBuildFile; fileRef = DA96087E1FD71D3900C8EE06 /* PinterestLayout.swift */; };
		DAB9FCFC1FC8E4C300CF64A7 /* AppDelegate.swift in Sources */ = {isa = PBXBuildFile; fileRef = DAB9FCFB1FC8E4C300CF64A7 /* AppDelegate.swift */; };
		DAB9FCFE1FC8E4C300CF64A7 /* ViewController.swift in Sources */ = {isa = PBXBuildFile; fileRef = DAB9FCFD1FC8E4C300CF64A7 /* ViewController.swift */; };
		DAB9FD011FC8E4C300CF64A7 /* Main.storyboard in Resources */ = {isa = PBXBuildFile; fileRef = DAB9FCFF1FC8E4C300CF64A7 /* Main.storyboard */; };
		DAB9FD031FC8E4C300CF64A7 /* Assets.xcassets in Resources */ = {isa = PBXBuildFile; fileRef = DAB9FD021FC8E4C300CF64A7 /* Assets.xcassets */; };
		DAB9FD061FC8E4C300CF64A7 /* LaunchScreen.storyboard in Resources */ = {isa = PBXBuildFile; fileRef = DAB9FD041FC8E4C300CF64A7 /* LaunchScreen.storyboard */; };
/* End PBXBuildFile section */

/* Begin PBXFileReference section */
		202A1042200ACD3D0070BF87 /* UnsplashImages.swift */ = {isa = PBXFileReference; lastKnownFileType = sourcecode.swift; path = UnsplashImages.swift; sourceTree = "<group>"; };
		202A1044200AE74C0070BF87 /* Endpoint.swift */ = {isa = PBXFileReference; lastKnownFileType = sourcecode.swift; path = Endpoint.swift; sourceTree = "<group>"; };
		202A1046200AE9A50070BF87 /* UnsplashClient.swift */ = {isa = PBXFileReference; lastKnownFileType = sourcecode.swift; path = UnsplashClient.swift; sourceTree = "<group>"; };
		20AE7848200C3EC50060F4D6 /* ViewModel.swift */ = {isa = PBXFileReference; lastKnownFileType = sourcecode.swift; path = ViewModel.swift; sourceTree = "<group>"; };
		DA7B67ED1FD98D5C0060B4AD /* APIClient.swift */ = {isa = PBXFileReference; lastKnownFileType = sourcecode.swift; path = APIClient.swift; sourceTree = "<group>"; };
		DA96087C1FD71A2F00C8EE06 /* PhotoCell.swift */ = {isa = PBXFileReference; lastKnownFileType = sourcecode.swift; path = PhotoCell.swift; sourceTree = "<group>"; };
		DA96087E1FD71D3900C8EE06 /* PinterestLayout.swift */ = {isa = PBXFileReference; lastKnownFileType = sourcecode.swift; path = PinterestLayout.swift; sourceTree = "<group>"; };
		DAB9FCF81FC8E4C200CF64A7 /* PinterestApplication.app */ = {isa = PBXFileReference; explicitFileType = wrapper.application; includeInIndex = 0; path = PinterestApplication.app; sourceTree = BUILT_PRODUCTS_DIR; };
		DAB9FCFB1FC8E4C300CF64A7 /* AppDelegate.swift */ = {isa = PBXFileReference; lastKnownFileType = sourcecode.swift; path = AppDelegate.swift; sourceTree = "<group>"; };
		DAB9FCFD1FC8E4C300CF64A7 /* ViewController.swift */ = {isa = PBXFileReference; lastKnownFileType = sourcecode.swift; path = ViewController.swift; sourceTree = "<group>"; };
		DAB9FD001FC8E4C300CF64A7 /* Base */ = {isa = PBXFileReference; lastKnownFileType = file.storyboard; name = Base; path = Base.lproj/Main.storyboard; sourceTree = "<group>"; };
		DAB9FD021FC8E4C300CF64A7 /* Assets.xcassets */ = {isa = PBXFileReference; lastKnownFileType = folder.assetcatalog; path = Assets.xcassets; sourceTree = "<group>"; };
		DAB9FD051FC8E4C300CF64A7 /* Base */ = {isa = PBXFileReference; lastKnownFileType = file.storyboard; name = Base; path = Base.lproj/LaunchScreen.storyboard; sourceTree = "<group>"; };
		DAB9FD071FC8E4C300CF64A7 /* Info.plist */ = {isa = PBXFileReference; lastKnownFileType = text.plist.xml; path = Info.plist; sourceTree = "<group>"; };
/* End PBXFileReference section */

/* Begin PBXFrameworksBuildPhase section */
		DAB9FCF51FC8E4C200CF64A7 /* Frameworks */ = {
			isa = PBXFrameworksBuildPhase;
			buildActionMask = 2147483647;
			files = (
			);
			runOnlyForDeploymentPostprocessing = 0;
		};
/* End PBXFrameworksBuildPhase section */

/* Begin PBXGroup section */
		20AE7847200C3EB60060F4D6 /* ViewModels */ = {
			isa = PBXGroup;
			children = (
				20AE7848200C3EC50060F4D6 /* ViewModel.swift */,
			);
			path = ViewModels;
			sourceTree = "<group>";
		};
		DA7B67EC1FD98D500060B4AD /* Networking */ = {
			isa = PBXGroup;
			children = (
				DA7B67ED1FD98D5C0060B4AD /* APIClient.swift */,
				202A1042200ACD3D0070BF87 /* UnsplashImages.swift */,
				202A1044200AE74C0070BF87 /* Endpoint.swift */,
				202A1046200AE9A50070BF87 /* UnsplashClient.swift */,
			);
			path = Networking;
			sourceTree = "<group>";
		};
		DA96087B1FD71A1900C8EE06 /* Views */ = {
			isa = PBXGroup;
			children = (
				DA96087C1FD71A2F00C8EE06 /* PhotoCell.swift */,
				DA96087E1FD71D3900C8EE06 /* PinterestLayout.swift */,
			);
			path = Views;
			sourceTree = "<group>";
		};
		DAB9FCEF1FC8E4C200CF64A7 = {
			isa = PBXGroup;
			children = (
				DAB9FCFA1FC8E4C200CF64A7 /* PinterestApplication */,
				DAB9FCF91FC8E4C200CF64A7 /* Products */,
			);
			sourceTree = "<group>";
		};
		DAB9FCF91FC8E4C200CF64A7 /* Products */ = {
			isa = PBXGroup;
			children = (
				DAB9FCF81FC8E4C200CF64A7 /* PinterestApplication.app */,
			);
			name = Products;
			sourceTree = "<group>";
		};
		DAB9FCFA1FC8E4C200CF64A7 /* PinterestApplication */ = {
			isa = PBXGroup;
			children = (
				20AE7847200C3EB60060F4D6 /* ViewModels */,
				DA7B67EC1FD98D500060B4AD /* Networking */,
				DA96087B1FD71A1900C8EE06 /* Views */,
				DAB9FCFB1FC8E4C300CF64A7 /* AppDelegate.swift */,
				DAB9FCFD1FC8E4C300CF64A7 /* ViewController.swift */,
				DAB9FCFF1FC8E4C300CF64A7 /* Main.storyboard */,
				DAB9FD021FC8E4C300CF64A7 /* Assets.xcassets */,
				DAB9FD041FC8E4C300CF64A7 /* LaunchScreen.storyboard */,
				DAB9FD071FC8E4C300CF64A7 /* Info.plist */,
			);
			path = PinterestApplication;
			sourceTree = "<group>";
		};
/* End PBXGroup section */

/* Begin PBXNativeTarget section */
		DAB9FCF71FC8E4C200CF64A7 /* PinterestApplication */ = {
			isa = PBXNativeTarget;
			buildConfigurationList = DAB9FD0A1FC8E4C300CF64A7 /* Build configuration list for PBXNativeTarget "PinterestApplication" */;
			buildPhases = (
				DAB9FCF41FC8E4C200CF64A7 /* Sources */,
				DAB9FCF51FC8E4C200CF64A7 /* Frameworks */,
				DAB9FCF61FC8E4C200CF64A7 /* Resources */,
			);
			buildRules = (
			);
			dependencies = (
			);
			name = PinterestApplication;
			productName = PinterestApplication;
			productReference = DAB9FCF81FC8E4C200CF64A7 /* PinterestApplication.app */;
			productType = "com.apple.product-type.application";
		};
/* End PBXNativeTarget section */

/* Begin PBXProject section */
		DAB9FCF01FC8E4C200CF64A7 /* Project object */ = {
			isa = PBXProject;
			attributes = {
				LastSwiftUpdateCheck = 0910;
				LastUpgradeCheck = 0910;
				ORGANIZATIONNAME = "Gary Tokman";
				TargetAttributes = {
					DAB9FCF71FC8E4C200CF64A7 = {
						CreatedOnToolsVersion = 9.1;
						ProvisioningStyle = Automatic;
					};
				};
			};
			buildConfigurationList = DAB9FCF31FC8E4C200CF64A7 /* Build configuration list for PBXProject "PinterestApplication" */;
			compatibilityVersion = "Xcode 8.0";
			developmentRegion = en;
			hasScannedForEncodings = 0;
			knownRegions = (
				en,
				Base,
			);
			mainGroup = DAB9FCEF1FC8E4C200CF64A7;
			productRefGroup = DAB9FCF91FC8E4C200CF64A7 /* Products */;
			projectDirPath = "";
			projectRoot = "";
			targets = (
				DAB9FCF71FC8E4C200CF64A7 /* PinterestApplication */,
			);
		};
/* End PBXProject section */

/* Begin PBXResourcesBuildPhase section */
		DAB9FCF61FC8E4C200CF64A7 /* Resources */ = {
			isa = PBXResourcesBuildPhase;
			buildActionMask = 2147483647;
			files = (
				DAB9FD061FC8E4C300CF64A7 /* LaunchScreen.storyboard in Resources */,
				DAB9FD031FC8E4C300CF64A7 /* Assets.xcassets in Resources */,
				DAB9FD011FC8E4C300CF64A7 /* Main.storyboard in Resources */,
			);
			runOnlyForDeploymentPostprocessing = 0;
		};
/* End PBXResourcesBuildPhase section */

/* Begin PBXSourcesBuildPhase section */
		DAB9FCF41FC8E4C200CF64A7 /* Sources */ = {
			isa = PBXSourcesBuildPhase;
			buildActionMask = 2147483647;
			files = (
				202A1045200AE74C0070BF87 /* Endpoint.swift in Sources */,
				20AE7849200C3EC50060F4D6 /* ViewModel.swift in Sources */,
				DA96087F1FD71D3900C8EE06 /* PinterestLayout.swift in Sources */,
				DAB9FCFE1FC8E4C300CF64A7 /* ViewController.swift in Sources */,
				DA96087D1FD71A2F00C8EE06 /* PhotoCell.swift in Sources */,
				202A1047200AE9A50070BF87 /* UnsplashClient.swift in Sources */,
				202A1043200ACD3D0070BF87 /* UnsplashImages.swift in Sources */,
				DA7B67EE1FD98D5C0060B4AD /* APIClient.swift in Sources */,
				DAB9FCFC1FC8E4C300CF64A7 /* AppDelegate.swift in Sources */,
			);
			runOnlyForDeploymentPostprocessing = 0;
		};
/* End PBXSourcesBuildPhase section */

/* Begin PBXVariantGroup section */
		DAB9FCFF1FC8E4C300CF64A7 /* Main.storyboard */ = {
			isa = PBXVariantGroup;
			children = (
				DAB9FD001FC8E4C300CF64A7 /* Base */,
			);
			name = Main.storyboard;
			sourceTree = "<group>";
		};
		DAB9FD041FC8E4C300CF64A7 /* LaunchScreen.storyboard */ = {
			isa = PBXVariantGroup;
			children = (
				DAB9FD051FC8E4C300CF64A7 /* Base */,
			);
			name = LaunchScreen.storyboard;
			sourceTree = "<group>";
		};
/* End PBXVariantGroup section */

/* Begin XCBuildConfiguration section */
		DAB9FD081FC8E4C300CF64A7 /* Debug */ = {
			isa = XCBuildConfiguration;
			buildSettings = {
				ALWAYS_SEARCH_USER_PATHS = NO;
				CLANG_ANALYZER_NONNULL = YES;
				CLANG_ANALYZER_NUMBER_OBJECT_CONVERSION = YES_AGGRESSIVE;
				CLANG_CXX_LANGUAGE_STANDARD = "gnu++14";
				CLANG_CXX_LIBRARY = "libc++";
				CLANG_ENABLE_MODULES = YES;
				CLANG_ENABLE_OBJC_ARC = YES;
				CLANG_WARN_BLOCK_CAPTURE_AUTORELEASING = YES;
				CLANG_WARN_BOOL_CONVERSION = YES;
				CLANG_WARN_COMMA = YES;
				CLANG_WARN_CONSTANT_CONVERSION = YES;
				CLANG_WARN_DIRECT_OBJC_ISA_USAGE = YES_ERROR;
				CLANG_WARN_DOCUMENTATION_COMMENTS = YES;
				CLANG_WARN_EMPTY_BODY = YES;
				CLANG_WARN_ENUM_CONVERSION = YES;
				CLANG_WARN_INFINITE_RECURSION = YES;
				CLANG_WARN_INT_CONVERSION = YES;
				CLANG_WARN_NON_LITERAL_NULL_CONVERSION = YES;
				CLANG_WARN_OBJC_LITERAL_CONVERSION = YES;
				CLANG_WARN_OBJC_ROOT_CLASS = YES_ERROR;
				CLANG_WARN_RANGE_LOOP_ANALYSIS = YES;
				CLANG_WARN_STRICT_PROTOTYPES = YES;
				CLANG_WARN_SUSPICIOUS_MOVE = YES;
				CLANG_WARN_UNGUARDED_AVAILABILITY = YES_AGGRESSIVE;
				CLANG_WARN_UNREACHABLE_CODE = YES;
				CLANG_WARN__DUPLICATE_METHOD_MATCH = YES;
				CODE_SIGN_IDENTITY = "iPhone Developer";
				COPY_PHASE_STRIP = NO;
				DEBUG_INFORMATION_FORMAT = dwarf;
				ENABLE_STRICT_OBJC_MSGSEND = YES;
				ENABLE_TESTABILITY = YES;
				GCC_C_LANGUAGE_STANDARD = gnu11;
				GCC_DYNAMIC_NO_PIC = NO;
				GCC_NO_COMMON_BLOCKS = YES;
				GCC_OPTIMIZATION_LEVEL = 0;
				GCC_PREPROCESSOR_DEFINITIONS = (
					"DEBUG=1",
					"$(inherited)",
				);
				GCC_WARN_64_TO_32_BIT_CONVERSION = YES;
				GCC_WARN_ABOUT_RETURN_TYPE = YES_ERROR;
				GCC_WARN_UNDECLARED_SELECTOR = YES;
				GCC_WARN_UNINITIALIZED_AUTOS = YES_AGGRESSIVE;
				GCC_WARN_UNUSED_FUNCTION = YES;
				GCC_WARN_UNUSED_VARIABLE = YES;
				IPHONEOS_DEPLOYMENT_TARGET = 11.1;
				MTL_ENABLE_DEBUG_INFO = YES;
				ONLY_ACTIVE_ARCH = YES;
				SDKROOT = iphoneos;
				SWIFT_ACTIVE_COMPILATION_CONDITIONS = DEBUG;
				SWIFT_OPTIMIZATION_LEVEL = "-Onone";
			};
			name = Debug;
		};
		DAB9FD091FC8E4C300CF64A7 /* Release */ = {
			isa = XCBuildConfiguration;
			buildSettings = {
				ALWAYS_SEARCH_USER_PATHS = NO;
				CLANG_ANALYZER_NONNULL = YES;
				CLANG_ANALYZER_NUMBER_OBJECT_CONVERSION = YES_AGGRESSIVE;
				CLANG_CXX_LANGUAGE_STANDARD = "gnu++14";
				CLANG_CXX_LIBRARY = "libc++";
				CLANG_ENABLE_MODULES = YES;
				CLANG_ENABLE_OBJC_ARC = YES;
				CLANG_WARN_BLOCK_CAPTURE_AUTORELEASING = YES;
				CLANG_WARN_BOOL_CONVERSION = YES;
				CLANG_WARN_COMMA = YES;
				CLANG_WARN_CONSTANT_CONVERSION = YES;
				CLANG_WARN_DIRECT_OBJC_ISA_USAGE = YES_ERROR;
				CLANG_WARN_DOCUMENTATION_COMMENTS = YES;
				CLANG_WARN_EMPTY_BODY = YES;
				CLANG_WARN_ENUM_CONVERSION = YES;
				CLANG_WARN_INFINITE_RECURSION = YES;
				CLANG_WARN_INT_CONVERSION = YES;
				CLANG_WARN_NON_LITERAL_NULL_CONVERSION = YES;
				CLANG_WARN_OBJC_LITERAL_CONVERSION = YES;
				CLANG_WARN_OBJC_ROOT_CLASS = YES_ERROR;
				CLANG_WARN_RANGE_LOOP_ANALYSIS = YES;
				CLANG_WARN_STRICT_PROTOTYPES = YES;
				CLANG_WARN_SUSPICIOUS_MOVE = YES;
				CLANG_WARN_UNGUARDED_AVAILABILITY = YES_AGGRESSIVE;
				CLANG_WARN_UNREACHABLE_CODE = YES;
				CLANG_WARN__DUPLICATE_METHOD_MATCH = YES;
				CODE_SIGN_IDENTITY = "iPhone Developer";
				COPY_PHASE_STRIP = NO;
				DEBUG_INFORMATION_FORMAT = "dwarf-with-dsym";
				ENABLE_NS_ASSERTIONS = NO;
				ENABLE_STRICT_OBJC_MSGSEND = YES;
				GCC_C_LANGUAGE_STANDARD = gnu11;
				GCC_NO_COMMON_BLOCKS = YES;
				GCC_WARN_64_TO_32_BIT_CONVERSION = YES;
				GCC_WARN_ABOUT_RETURN_TYPE = YES_ERROR;
				GCC_WARN_UNDECLARED_SELECTOR = YES;
				GCC_WARN_UNINITIALIZED_AUTOS = YES_AGGRESSIVE;
				GCC_WARN_UNUSED_FUNCTION = YES;
				GCC_WARN_UNUSED_VARIABLE = YES;
				IPHONEOS_DEPLOYMENT_TARGET = 11.1;
				MTL_ENABLE_DEBUG_INFO = NO;
				SDKROOT = iphoneos;
				SWIFT_OPTIMIZATION_LEVEL = "-Owholemodule";
				VALIDATE_PRODUCT = YES;
			};
			name = Release;
		};
		DAB9FD0B1FC8E4C300CF64A7 /* Debug */ = {
			isa = XCBuildConfiguration;
			buildSettings = {
				ASSETCATALOG_COMPILER_APPICON_NAME = AppIcon;
				CODE_SIGN_STYLE = Automatic;
				DEVELOPMENT_TEAM = NTP2A7PJM8;
				INFOPLIST_FILE = PinterestApplication/Info.plist;
				LD_RUNPATH_SEARCH_PATHS = "$(inherited) @executable_path/Frameworks";
				PRODUCT_BUNDLE_IDENTIFIER = com.garytokman.PinterestApplication;
				PRODUCT_NAME = "$(TARGET_NAME)";
				SWIFT_VERSION = 4.0;
				TARGETED_DEVICE_FAMILY = "1,2";
			};
			name = Debug;
		};
		DAB9FD0C1FC8E4C300CF64A7 /* Release */ = {
			isa = XCBuildConfiguration;
			buildSettings = {
				ASSETCATALOG_COMPILER_APPICON_NAME = AppIcon;
				CODE_SIGN_STYLE = Automatic;
				DEVELOPMENT_TEAM = NTP2A7PJM8;
				INFOPLIST_FILE = PinterestApplication/Info.plist;
				LD_RUNPATH_SEARCH_PATHS = "$(inherited) @executable_path/Frameworks";
				PRODUCT_BUNDLE_IDENTIFIER = com.garytokman.PinterestApplication;
				PRODUCT_NAME = "$(TARGET_NAME)";
				SWIFT_VERSION = 4.0;
				TARGETED_DEVICE_FAMILY = "1,2";
			};
			name = Release;
		};
/* End XCBuildConfiguration section */

/* Begin XCConfigurationList section */
		DAB9FCF31FC8E4C200CF64A7 /* Build configuration list for PBXProject "PinterestApplication" */ = {
			isa = XCConfigurationList;
			buildConfigurations = (
				DAB9FD081FC8E4C300CF64A7 /* Debug */,
				DAB9FD091FC8E4C300CF64A7 /* Release */,
			);
			defaultConfigurationIsVisible = 0;
			defaultConfigurationName = Release;
		};
		DAB9FD0A1FC8E4C300CF64A7 /* Build configuration list for PBXNativeTarget "PinterestApplication" */ = {
			isa = XCConfigurationList;
			buildConfigurations = (
				DAB9FD0B1FC8E4C300CF64A7 /* Debug */,
				DAB9FD0C1FC8E4C300CF64A7 /* Release */,
			);
			defaultConfigurationIsVisible = 0;
			defaultConfigurationName = Release;
		};
/* End XCConfigurationList section */
	};
	rootObject = DAB9FCF01FC8E4C200CF64A7 /* Project object */;
}
